<?xml version="1.0" encoding="UTF-8" standalone="yes" ?>
<CodeBlocks_project_file>
	<FileVersion major="1" minor="6" />
	<Project>
		<Option title="BaseRederer" />
		<Option pch_mode="2" />
		<Option compiler="gcc" />
		<Build>
			<Target title="Debug">
				<Option output="bin/Debug/BaseRederer" prefix_auto="1" extension_auto="1" />
				<Option working_dir="C:/MinGW/bin" />
				<Option object_output="obj/Debug/" />
				<Option type="1" />
				<Option compiler="gcc" />
				<Compiler>
					<Add option="-g" />
				</Compiler>
			</Target>
			<Target title="Release">
				<Option output="bin/Release/BaseRederer" prefix_auto="1" extension_auto="1" />
				<Option working_dir="C:/MinGW/bin" />
				<Option object_output="obj/Release/" />
				<Option type="0" />
				<Option compiler="gcc" />
				<Compiler>
					<Add option="-O2" />
				</Compiler>
				<Linker>
					<Add option="-s" />
				</Linker>
			</Target>
		</Build>
		<Compiler>
			<Add option="-Wall" />
			<Add directory="D:/CodeBlocks/MinGW/include" />
		</Compiler>
		<Linker>
			<Add library="gdi32" />
			<Add library="winmm" />
			<Add directory="D:/CodeBlocks/MinGW/lib" />
		</Linker>
		<Unit filename="../Common/Header/Camera.h" />
		<Unit filename="../Common/Header/CommonStruct.h" />
		<Unit filename="../Common/Header/FreetypeFont.h" />
		<Unit filename="../Common/Header/GameObject.h" />
		<Unit filename="../Common/Header/Light.h" />
		<Unit filename="../Common/Header/ShaderMgr.h" />
		<Unit filename="../Common/Header/Tinyobjloader.h" />
		<Unit filename="../Common/Header/Tools.h" />
		<Unit filename="../Common/Header/Trackball.h" />
		<Unit filename="../Common/Header/UtilPrint.h" />
		<Unit filename="../Common/Header/UtilTimer.h" />
		<Unit filename="../Common/Sources/Camera.cpp" />
		<Unit filename="../Common/Sources/FreetypeFont.cpp" />
		<Unit filename="../Common/Sources/GameObject.cpp" />
		<Unit filename="../Common/Sources/Light.cpp" />
		<Unit filename="../Common/Sources/ShaderMgr.cpp" />
		<Unit filename="../Common/Sources/Tinyobjloader.cpp" />
		<Unit filename="../Common/Sources/Tools.cpp" />
		<Unit filename="../Common/Sources/Trackball.cpp" />
		<Unit filename="../Common/Sources/UtilPrint.cpp" />
		<Unit filename="../Common/Sources/UtilTimer.cpp" />
		<Unit filename="../Resource/Font/benmo.ttf" />
		<Unit filename="../Resource/Font/msyh.ttf" />
		<Unit filename="../Resource/Models/FBX/box.fbx" />
		<Unit filename="../Resource/Models/FBX/boxWithCompressedCTypeArray.FBX" />
		<Unit filename="../Resource/Models/FBX/boxWithUncompressedCTypeArray.FBX" />
		<Unit filename="../Resource/Models/FBX/global_settings.fbx" />
		<Unit filename="../Resource/Models/FBX/phong_cube.fbx" />
		<Unit filename="../Resource/Models/FBX/spider.fbx" />
		<Unit filename="../Resource/Models/OBJ/SpiderTex.jpg" />
		<Unit filename="../Resource/Models/OBJ/box_spaces.mtl" />
		<Unit filename="../Resource/Models/OBJ/colorspace-issue-184.mtl" />
		<Unit filename="../Resource/Models/OBJ/concave_polygon.mtl" />
		<Unit filename="../Resource/Models/OBJ/cornell_box.mtl" />
		<Unit filename="../Resource/Models/OBJ/cube.mtl" />
		<Unit filename="../Resource/Models/OBJ/cube_mtllib_after_g.mtl" />
		<Unit filename="../Resource/Models/OBJ/cube_usemtl.mtl" />
		<Unit filename="../Resource/Models/OBJ/drkwood2.jpg" />
		<Unit filename="../Resource/Models/OBJ/empty_mat.mtl" />
		<Unit filename="../Resource/Models/OBJ/engineflare1.jpg" />
		<Unit filename="../Resource/Models/OBJ/invalid-face-definition.mtl" />
		<Unit filename="../Resource/Models/OBJ/issue-138.mtl" />
		<Unit filename="../Resource/Models/OBJ/issue-140-zero-face-idx.mtl" />
		<Unit filename="../Resource/Models/OBJ/issue-162-smoothing-group.mtl" />
		<Unit filename="../Resource/Models/OBJ/issue-92.mtl" />
		<Unit filename="../Resource/Models/OBJ/issue-95-2.mtl" />
		<Unit filename="../Resource/Models/OBJ/issue-95.mtl" />
		<Unit filename="../Resource/Models/OBJ/map-bump.mtl" />
		<Unit filename="../Resource/Models/OBJ/mtllib-multiple-files-issue-112.mtl" />
		<Unit filename="../Resource/Models/OBJ/norm-texopt.mtl" />
		<Unit filename="../Resource/Models/OBJ/pbr-mat-ext.mtl" />
		<Unit filename="../Resource/Models/OBJ/refl.mtl" />
		<Unit filename="../Resource/Models/OBJ/regr01.mtl" />
		<Unit filename="../Resource/Models/OBJ/regr_3429812.mtl" />
		<Unit filename="../Resource/Models/OBJ/smoothing-normal.mtl" />
		<Unit filename="../Resource/Models/OBJ/space_in_material_name.mtl" />
		<Unit filename="../Resource/Models/OBJ/spider.mtl" />
		<Unit filename="../Resource/Models/OBJ/texture-filename-with-whitespace.mtl" />
		<Unit filename="../Resource/Models/OBJ/texture-options-issue-85.mtl" />
		<Unit filename="../Resource/Models/OBJ/tr-and-d-issue-43.mtl" />
		<Unit filename="../Resource/Models/OBJ/usemtl-issue-68.mtl" />
		<Unit filename="../Resource/Models/OBJ/wal67ar_small.jpg" />
		<Unit filename="../Resource/Models/OBJ/wal69ar_small.jpg" />
		<Unit filename="../Resource/Shader/Bloor/blur.fp" />
		<Unit filename="../Resource/Shader/Bloor/bright.fp" />
		<Unit filename="../Resource/Shader/Bloor/mix.fp" />
		<Unit filename="../Resource/Shader/Bloor/normal.fp" />
		<Unit filename="../Resource/Shader/Bloor/vertex.vp" />
		<Unit filename="../Resource/Shader/Blur/fragment.fp" />
		<Unit filename="../Resource/Shader/Blur/vertex.vp" />
		<Unit filename="../Resource/Shader/CameraBox/fragment_line.fp" />
		<Unit filename="../Resource/Shader/CameraBox/fragment_normal.fp" />
		<Unit filename="../Resource/Shader/CameraBox/vertex_line.vp" />
		<Unit filename="../Resource/Shader/CameraBox/vertex_normal.vp" />
		<Unit filename="../Resource/Shader/Cubemap/fragment.fp" />
		<Unit filename="../Resource/Shader/Cubemap/vertex.vp" />
		<Unit filename="../Resource/Shader/DeferredRender/fragment_in.fp" />
		<Unit filename="../Resource/Shader/DeferredRender/fragment_out.fp" />
		<Unit filename="../Resource/Shader/DeferredRender/vertex_in.vp" />
		<Unit filename="../Resource/Shader/DeferredRender/vertex_out.vp" />
		<Unit filename="../Resource/Shader/Diffuse/fragment.fp" />
		<Unit filename="../Resource/Shader/Diffuse/vertex.vp" />
		<Unit filename="../Resource/Shader/FBO/fragment.fp" />
		<Unit filename="../Resource/Shader/FBO/vertex.vp" />
		<Unit filename="../Resource/Shader/FeedBack/fragment.fp" />
		<Unit filename="../Resource/Shader/FeedBack/vertex.vp" />
		<Unit filename="../Resource/Shader/FeedBack/vertex_out.vp" />
		<Unit filename="../Resource/Shader/Font/fragment.fp" />
		<Unit filename="../Resource/Shader/Font/vertex.vp" />
		<Unit filename="../Resource/Shader/GeometryNormal/fragment.fp" />
		<Unit filename="../Resource/Shader/GeometryNormal/geometry.gp" />
		<Unit filename="../Resource/Shader/GeometryNormal/vertex.vp" />
		<Unit filename="../Resource/Shader/GrassInstance/fragment.fp" />
		<Unit filename="../Resource/Shader/GrassInstance/vertex.vp" />
		<Unit filename="../Resource/Shader/GrassNoInstance/fragment.fp" />
		<Unit filename="../Resource/Shader/GrassNoInstance/vertex.vp" />
		<Unit filename="../Resource/Shader/HDR/fragment.fp" />
		<Unit filename="../Resource/Shader/HDR/vertex.vp" />
		<Unit filename="../Resource/Shader/SSAO/fragment.fp" />
		<Unit filename="../Resource/Shader/SSAO/fragment_deferred_in.fp" />
		<Unit filename="../Resource/Shader/SSAO/fragment_ssao.fp" />
		<Unit filename="../Resource/Shader/SSAO/vertex.vp" />
		<Unit filename="../Resource/Shader/SSAO/vertex_deferred_in.vp" />
		<Unit filename="../Resource/Shader/SSAO/vertex_ssao.vp" />
		<Unit filename="../Resource/Shader/Shadowmap/fragment_outshadow.fp" />
		<Unit filename="../Resource/Shader/Shadowmap/fragment_shadow.fp" />
		<Unit filename="../Resource/Shader/Shadowmap/vertex_outshadow.vp" />
		<Unit filename="../Resource/Shader/Shadowmap/vertex_shadow.vp" />
		<Unit filename="../Resource/Shader/SkyBox/fragment.fp" />
		<Unit filename="../Resource/Shader/SkyBox/vertex.vp" />
		<Unit filename="../Resource/Shader/SolidColor/fragment.fp" />
		<Unit filename="../Resource/Shader/SolidColor/vertex.vp" />
		<Unit filename="../Resource/Shader/SphereLight/fragment.fp" />
		<Unit filename="../Resource/Shader/SphereLight/vertex.vp" />
		<Unit filename="../Resource/Shader/SpritePoint/fragment.fp" />
		<Unit filename="../Resource/Shader/SpritePoint/vertex.vp" />
		<Unit filename="../Resource/Shader/TBO/fragment.fp" />
		<Unit filename="../Resource/Shader/TBO/vertex.vp" />
		<Unit filename="../Resource/Shader/TexMsaa/fragment.fp" />
		<Unit filename="../Resource/Shader/TexMsaa/vertex.vp" />
		<Unit filename="../Resource/Shader/Texture2D/fragment.fp" />
		<Unit filename="../Resource/Shader/Texture2D/vertex.vp" />
		<Unit filename="../Resource/Shader/TextureArray/fragment.fp" />
		<Unit filename="../Resource/Shader/TextureArray/vertex.vp" />
		<Unit filename="../Resource/Texture/Cubemap/neg_x.tga" />
		<Unit filename="../Resource/Texture/Cubemap/neg_y.tga" />
		<Unit filename="../Resource/Texture/Cubemap/neg_z.tga" />
		<Unit filename="../Resource/Texture/Cubemap/pos_x.tga" />
		<Unit filename="../Resource/Texture/Cubemap/pos_y.tga" />
		<Unit filename="../Resource/Texture/Cubemap/pos_z.tga" />
		<Unit filename="main.cpp" />
		<Extensions>
			<code_completion />
			<envvars />
			<debugger />
		</Extensions>
	</Project>
</CodeBlocks_project_file>
