<?xml version="1.0" encoding="UTF-8" standalone="yes" ?>
<CodeBlocks_project_file>
	<FileVersion major="1" minor="6" />
	<Project>
		<Option title="CoordinateSystem" />
		<Option pch_mode="2" />
		<Option compiler="gcc" />
		<Build>
			<Target title="Debug">
				<Option output="bin/Debug/CoordinateSystem" prefix_auto="1" extension_auto="1" />
				<Option working_dir="C:/MinGW/bin" />
				<Option object_output="obj/Debug/" />
				<Option type="1" />
				<Option compiler="gcc" />
				<Compiler>
					<Add option="-std=c++11" />
				</Compiler>
			</Target>
			<Target title="Release">
				<Option output="bin/Release/CoordinateSystem" prefix_auto="1" extension_auto="1" />
				<Option working_dir="C:/MinGW/bin" />
				<Option object_output="obj/Release/" />
				<Option type="0" />
				<Option compiler="gcc" />
				<Compiler>
					<Add option="-O2" />
				</Compiler>
				<Linker>
					<Add option="-s" />
				</Linker>
			</Target>
		</Build>
		<Compiler>
			<Add option="-Wall" />
			<Add directory="D:/CodeBlocks/MinGW/include" />
		</Compiler>
		<Linker>
			<Add library="glut32" />
			<Add library="opengl32" />
			<Add library="glu32" />
			<Add library="winmm" />
			<Add library="gdi32" />
			<Add directory="D:/CodeBlocks/MinGW/lib" />
		</Linker>
		<Unit filename="../Common/Header/Camera.h" />
		<Unit filename="../Common/Header/CommonStruct.h" />
		<Unit filename="../Common/Header/GameObject.h" />
		<Unit filename="../Common/Header/Lib/FreetypeFont.h" />
		<Unit filename="../Common/Header/Lib/Tinyobjloader.h" />
		<Unit filename="../Common/Header/Lib/Trackball.h" />
		<Unit filename="../Common/Header/Light.h" />
		<Unit filename="../Common/Header/ShaderMgr.h" />
		<Unit filename="../Common/Header/Tools.h" />
		<Unit filename="../Common/Header/UtilPrint.h" />
		<Unit filename="../Common/Header/UtilTimer.h" />
		<Unit filename="../Common/Sources/Camera.cpp" />
		<Unit filename="../Common/Sources/GameObject.cpp" />
		<Unit filename="../Common/Sources/Lib/FreetypeFont.cpp" />
		<Unit filename="../Common/Sources/Lib/Tinyobjloader.cpp" />
		<Unit filename="../Common/Sources/Lib/Trackball.cpp" />
		<Unit filename="../Common/Sources/Light.cpp" />
		<Unit filename="../Common/Sources/ShaderMgr.cpp" />
		<Unit filename="../Common/Sources/Tools.cpp" />
		<Unit filename="../Common/Sources/UtilPrint.cpp" />
		<Unit filename="../Common/Sources/UtilTimer.cpp" />
		<Unit filename="../Resource/Shader/Bloor/blur.fp" />
		<Unit filename="../Resource/Shader/Bloor/bright.fp" />
		<Unit filename="../Resource/Shader/Bloor/mix.fp" />
		<Unit filename="../Resource/Shader/Bloor/normal.fp" />
		<Unit filename="../Resource/Shader/Bloor/vertex.vp" />
		<Unit filename="../Resource/Shader/Blur/fragment.fp" />
		<Unit filename="../Resource/Shader/Blur/vertex.vp" />
		<Unit filename="../Resource/Shader/CameraBox/fragment_line.fp" />
		<Unit filename="../Resource/Shader/CameraBox/fragment_normal.fp" />
		<Unit filename="../Resource/Shader/CameraBox/vertex_line.vp" />
		<Unit filename="../Resource/Shader/CameraBox/vertex_normal.vp" />
		<Unit filename="../Resource/Shader/Cubemap/fragment.fp" />
		<Unit filename="../Resource/Shader/Cubemap/vertex.vp" />
		<Unit filename="../Resource/Shader/DeferredRender/fragment_in.fp" />
		<Unit filename="../Resource/Shader/DeferredRender/fragment_out.fp" />
		<Unit filename="../Resource/Shader/DeferredRender/vertex_in.vp" />
		<Unit filename="../Resource/Shader/DeferredRender/vertex_out.vp" />
		<Unit filename="../Resource/Shader/Diffuse/fragment.fp" />
		<Unit filename="../Resource/Shader/Diffuse/vertex.vp" />
		<Unit filename="../Resource/Shader/FBO/fragment.fp" />
		<Unit filename="../Resource/Shader/FBO/vertex.vp" />
		<Unit filename="../Resource/Shader/FeedBack/fragment.fp" />
		<Unit filename="../Resource/Shader/FeedBack/vertex.vp" />
		<Unit filename="../Resource/Shader/FeedBack/vertex_out.vp" />
		<Unit filename="../Resource/Shader/Font/fragment.fp" />
		<Unit filename="../Resource/Shader/Font/vertex.vp" />
		<Unit filename="../Resource/Shader/GeometryNormal/fragment.fp" />
		<Unit filename="../Resource/Shader/GeometryNormal/geometry.gp" />
		<Unit filename="../Resource/Shader/GeometryNormal/vertex.vp" />
		<Unit filename="../Resource/Shader/GrassInstance/fragment.fp" />
		<Unit filename="../Resource/Shader/GrassInstance/vertex.vp" />
		<Unit filename="../Resource/Shader/GrassNoInstance/fragment.fp" />
		<Unit filename="../Resource/Shader/GrassNoInstance/vertex.vp" />
		<Unit filename="../Resource/Shader/HDR/fragment.fp" />
		<Unit filename="../Resource/Shader/HDR/vertex.vp" />
		<Unit filename="../Resource/Shader/SSAO/fragment.fp" />
		<Unit filename="../Resource/Shader/SSAO/fragment_deferred_in.fp" />
		<Unit filename="../Resource/Shader/SSAO/fragment_ssao.fp" />
		<Unit filename="../Resource/Shader/SSAO/vertex.vp" />
		<Unit filename="../Resource/Shader/SSAO/vertex_deferred_in.vp" />
		<Unit filename="../Resource/Shader/SSAO/vertex_ssao.vp" />
		<Unit filename="../Resource/Shader/Shadowmap/fragment_outshadow.fp" />
		<Unit filename="../Resource/Shader/Shadowmap/fragment_shadow.fp" />
		<Unit filename="../Resource/Shader/Shadowmap/vertex_outshadow.vp" />
		<Unit filename="../Resource/Shader/Shadowmap/vertex_shadow.vp" />
		<Unit filename="../Resource/Shader/SkyBox/fragment.fp" />
		<Unit filename="../Resource/Shader/SkyBox/vertex.vp" />
		<Unit filename="../Resource/Shader/SolidColor/fragment.fp" />
		<Unit filename="../Resource/Shader/SolidColor/vertex.vp" />
		<Unit filename="../Resource/Shader/SphereLight/fragment.fp" />
		<Unit filename="../Resource/Shader/SphereLight/vertex.vp" />
		<Unit filename="../Resource/Shader/SpritePoint/fragment.fp" />
		<Unit filename="../Resource/Shader/SpritePoint/vertex.vp" />
		<Unit filename="../Resource/Shader/TBO/fragment.fp" />
		<Unit filename="../Resource/Shader/TBO/vertex.vp" />
		<Unit filename="../Resource/Shader/TexMsaa/fragment.fp" />
		<Unit filename="../Resource/Shader/TexMsaa/vertex.vp" />
		<Unit filename="../Resource/Shader/Texture2D/fragment.fp" />
		<Unit filename="../Resource/Shader/Texture2D/vertex.vp" />
		<Unit filename="../Resource/Shader/TextureArray/fragment.fp" />
		<Unit filename="../Resource/Shader/TextureArray/vertex.vp" />
		<Unit filename="main.cpp" />
		<Extensions>
			<code_completion />
			<envvars />
			<debugger />
		</Extensions>
	</Project>
</CodeBlocks_project_file>
