<?xml version="1.0" encoding="UTF-8" standalone="yes" ?>
<CodeBlocks_project_file>
	<FileVersion major="1" minor="6" />
	<Project>
		<Option title="RenderTexWithFBO" />
		<Option pch_mode="2" />
		<Option compiler="gcc" />
		<Build>
			<Target title="Debug">
				<Option output="bin/Debug/RenderTexWithFBO" prefix_auto="1" extension_auto="1" />
				<Option working_dir="D:/CodeBlocks/MinGW/bin" />
				<Option object_output="obj/Debug/" />
				<Option type="1" />
				<Option compiler="gcc" />
				<Compiler>
					<Add option="-g" />
				</Compiler>
			</Target>
			<Target title="Release">
				<Option output="bin/Release/RenderTexWithFBO" prefix_auto="1" extension_auto="1" />
				<Option working_dir="D:/CodeBlocks/MinGW/bin" />
				<Option object_output="obj/Release/" />
				<Option type="0" />
				<Option compiler="gcc" />
				<Compiler>
					<Add option="-O2" />
				</Compiler>
				<Linker>
					<Add option="-s" />
				</Linker>
			</Target>
		</Build>
		<Compiler>
			<Add option="-Wall" />
			<Add directory="D:/CodeBlocks/MinGW/include" />
		</Compiler>
		<Linker>
			<Add library="glut32" />
			<Add library="opengl32" />
			<Add library="glu32" />
			<Add library="winmm" />
			<Add library="gdi32" />
			<Add directory="D:/CodeBlocks/MinGW/lib" />
		</Linker>
		<Unit filename="../Tools/Header/FreetypeFont.h" />
		<Unit filename="../Tools/Header/GameObject.h" />
		<Unit filename="../Tools/Header/ShaderMgr.h" />
		<Unit filename="../Tools/Header/Tinyobjloader.h" />
		<Unit filename="../Tools/Header/Tools.h" />
		<Unit filename="../Tools/Header/Trackball.h" />
		<Unit filename="../Tools/Header/UtilTimer.h" />
		<Unit filename="../Tools/Library/assimp/include/assimp/BaseImporter.h" />
		<Unit filename="../Tools/Library/assimp/include/assimp/Bitmap.h" />
		<Unit filename="../Tools/Library/assimp/include/assimp/BlobIOSystem.h" />
		<Unit filename="../Tools/Library/assimp/include/assimp/ByteSwapper.h" />
		<Unit filename="../Tools/Library/assimp/include/assimp/Compiler/poppack1.h" />
		<Unit filename="../Tools/Library/assimp/include/assimp/Compiler/pstdint.h" />
		<Unit filename="../Tools/Library/assimp/include/assimp/Compiler/pushpack1.h" />
		<Unit filename="../Tools/Library/assimp/include/assimp/CreateAnimMesh.h" />
		<Unit filename="../Tools/Library/assimp/include/assimp/DefaultIOStream.h" />
		<Unit filename="../Tools/Library/assimp/include/assimp/DefaultIOSystem.h" />
		<Unit filename="../Tools/Library/assimp/include/assimp/DefaultLogger.hpp" />
		<Unit filename="../Tools/Library/assimp/include/assimp/Defines.h" />
		<Unit filename="../Tools/Library/assimp/include/assimp/Exceptional.h" />
		<Unit filename="../Tools/Library/assimp/include/assimp/Exporter.hpp" />
		<Unit filename="../Tools/Library/assimp/include/assimp/GenericProperty.h" />
		<Unit filename="../Tools/Library/assimp/include/assimp/Hash.h" />
		<Unit filename="../Tools/Library/assimp/include/assimp/IOStream.hpp" />
		<Unit filename="../Tools/Library/assimp/include/assimp/IOStreamBuffer.h" />
		<Unit filename="../Tools/Library/assimp/include/assimp/IOSystem.hpp" />
		<Unit filename="../Tools/Library/assimp/include/assimp/Importer.hpp" />
		<Unit filename="../Tools/Library/assimp/include/assimp/LineSplitter.h" />
		<Unit filename="../Tools/Library/assimp/include/assimp/LogAux.h" />
		<Unit filename="../Tools/Library/assimp/include/assimp/LogStream.hpp" />
		<Unit filename="../Tools/Library/assimp/include/assimp/Logger.hpp" />
		<Unit filename="../Tools/Library/assimp/include/assimp/Macros.h" />
		<Unit filename="../Tools/Library/assimp/include/assimp/MathFunctions.h" />
		<Unit filename="../Tools/Library/assimp/include/assimp/MemoryIOWrapper.h" />
		<Unit filename="../Tools/Library/assimp/include/assimp/NullLogger.hpp" />
		<Unit filename="../Tools/Library/assimp/include/assimp/ParsingUtils.h" />
		<Unit filename="../Tools/Library/assimp/include/assimp/Profiler.h" />
		<Unit filename="../Tools/Library/assimp/include/assimp/ProgressHandler.hpp" />
		<Unit filename="../Tools/Library/assimp/include/assimp/RemoveComments.h" />
		<Unit filename="../Tools/Library/assimp/include/assimp/SGSpatialSort.h" />
		<Unit filename="../Tools/Library/assimp/include/assimp/SceneCombiner.h" />
		<Unit filename="../Tools/Library/assimp/include/assimp/SkeletonMeshBuilder.h" />
		<Unit filename="../Tools/Library/assimp/include/assimp/SmoothingGroups.h" />
		<Unit filename="../Tools/Library/assimp/include/assimp/SpatialSort.h" />
		<Unit filename="../Tools/Library/assimp/include/assimp/StandardShapes.h" />
		<Unit filename="../Tools/Library/assimp/include/assimp/StreamReader.h" />
		<Unit filename="../Tools/Library/assimp/include/assimp/StreamWriter.h" />
		<Unit filename="../Tools/Library/assimp/include/assimp/StringComparison.h" />
		<Unit filename="../Tools/Library/assimp/include/assimp/StringUtils.h" />
		<Unit filename="../Tools/Library/assimp/include/assimp/Subdivision.h" />
		<Unit filename="../Tools/Library/assimp/include/assimp/TinyFormatter.h" />
		<Unit filename="../Tools/Library/assimp/include/assimp/Vertex.h" />
		<Unit filename="../Tools/Library/assimp/include/assimp/XMLTools.h" />
		<Unit filename="../Tools/Library/assimp/include/assimp/ai_assert.h" />
		<Unit filename="../Tools/Library/assimp/include/assimp/anim.h" />
		<Unit filename="../Tools/Library/assimp/include/assimp/camera.h" />
		<Unit filename="../Tools/Library/assimp/include/assimp/cexport.h" />
		<Unit filename="../Tools/Library/assimp/include/assimp/cfileio.h" />
		<Unit filename="../Tools/Library/assimp/include/assimp/cimport.h" />
		<Unit filename="../Tools/Library/assimp/include/assimp/color4.h" />
		<Unit filename="../Tools/Library/assimp/include/assimp/config.h" />
		<Unit filename="../Tools/Library/assimp/include/assimp/defs.h" />
		<Unit filename="../Tools/Library/assimp/include/assimp/fast_atof.h" />
		<Unit filename="../Tools/Library/assimp/include/assimp/importerdesc.h" />
		<Unit filename="../Tools/Library/assimp/include/assimp/irrXMLWrapper.h" />
		<Unit filename="../Tools/Library/assimp/include/assimp/light.h" />
		<Unit filename="../Tools/Library/assimp/include/assimp/material.h" />
		<Unit filename="../Tools/Library/assimp/include/assimp/matrix3x3.h" />
		<Unit filename="../Tools/Library/assimp/include/assimp/matrix4x4.h" />
		<Unit filename="../Tools/Library/assimp/include/assimp/mesh.h" />
		<Unit filename="../Tools/Library/assimp/include/assimp/metadata.h" />
		<Unit filename="../Tools/Library/assimp/include/assimp/pbrmaterial.h" />
		<Unit filename="../Tools/Library/assimp/include/assimp/port/AndroidJNI/AndroidJNIIOSystem.h" />
		<Unit filename="../Tools/Library/assimp/include/assimp/postprocess.h" />
		<Unit filename="../Tools/Library/assimp/include/assimp/qnan.h" />
		<Unit filename="../Tools/Library/assimp/include/assimp/quaternion.h" />
		<Unit filename="../Tools/Library/assimp/include/assimp/scene.h" />
		<Unit filename="../Tools/Library/assimp/include/assimp/texture.h" />
		<Unit filename="../Tools/Library/assimp/include/assimp/types.h" />
		<Unit filename="../Tools/Library/assimp/include/assimp/vector2.h" />
		<Unit filename="../Tools/Library/assimp/include/assimp/vector3.h" />
		<Unit filename="../Tools/Library/assimp/include/assimp/version.h" />
		<Unit filename="../Tools/Library/codeblock+freetype2.10.0/include/freetype/config/ftconfig.h" />
		<Unit filename="../Tools/Library/codeblock+freetype2.10.0/include/freetype/config/ftheader.h" />
		<Unit filename="../Tools/Library/codeblock+freetype2.10.0/include/freetype/config/ftmodule.h" />
		<Unit filename="../Tools/Library/codeblock+freetype2.10.0/include/freetype/config/ftoption.h" />
		<Unit filename="../Tools/Library/codeblock+freetype2.10.0/include/freetype/config/ftstdlib.h" />
		<Unit filename="../Tools/Library/codeblock+freetype2.10.0/include/freetype/freetype.h" />
		<Unit filename="../Tools/Library/codeblock+freetype2.10.0/include/freetype/ftadvanc.h" />
		<Unit filename="../Tools/Library/codeblock+freetype2.10.0/include/freetype/ftbbox.h" />
		<Unit filename="../Tools/Library/codeblock+freetype2.10.0/include/freetype/ftbdf.h" />
		<Unit filename="../Tools/Library/codeblock+freetype2.10.0/include/freetype/ftbitmap.h" />
		<Unit filename="../Tools/Library/codeblock+freetype2.10.0/include/freetype/ftbzip2.h" />
		<Unit filename="../Tools/Library/codeblock+freetype2.10.0/include/freetype/ftcache.h" />
		<Unit filename="../Tools/Library/codeblock+freetype2.10.0/include/freetype/ftchapters.h" />
		<Unit filename="../Tools/Library/codeblock+freetype2.10.0/include/freetype/ftcid.h" />
		<Unit filename="../Tools/Library/codeblock+freetype2.10.0/include/freetype/ftcolor.h" />
		<Unit filename="../Tools/Library/codeblock+freetype2.10.0/include/freetype/ftdriver.h" />
		<Unit filename="../Tools/Library/codeblock+freetype2.10.0/include/freetype/fterrdef.h" />
		<Unit filename="../Tools/Library/codeblock+freetype2.10.0/include/freetype/fterrors.h" />
		<Unit filename="../Tools/Library/codeblock+freetype2.10.0/include/freetype/ftfntfmt.h" />
		<Unit filename="../Tools/Library/codeblock+freetype2.10.0/include/freetype/ftgasp.h" />
		<Unit filename="../Tools/Library/codeblock+freetype2.10.0/include/freetype/ftglyph.h" />
		<Unit filename="../Tools/Library/codeblock+freetype2.10.0/include/freetype/ftgxval.h" />
		<Unit filename="../Tools/Library/codeblock+freetype2.10.0/include/freetype/ftgzip.h" />
		<Unit filename="../Tools/Library/codeblock+freetype2.10.0/include/freetype/ftimage.h" />
		<Unit filename="../Tools/Library/codeblock+freetype2.10.0/include/freetype/ftincrem.h" />
		<Unit filename="../Tools/Library/codeblock+freetype2.10.0/include/freetype/ftlcdfil.h" />
		<Unit filename="../Tools/Library/codeblock+freetype2.10.0/include/freetype/ftlist.h" />
		<Unit filename="../Tools/Library/codeblock+freetype2.10.0/include/freetype/ftlzw.h" />
		<Unit filename="../Tools/Library/codeblock+freetype2.10.0/include/freetype/ftmac.h" />
		<Unit filename="../Tools/Library/codeblock+freetype2.10.0/include/freetype/ftmm.h" />
		<Unit filename="../Tools/Library/codeblock+freetype2.10.0/include/freetype/ftmodapi.h" />
		<Unit filename="../Tools/Library/codeblock+freetype2.10.0/include/freetype/ftmoderr.h" />
		<Unit filename="../Tools/Library/codeblock+freetype2.10.0/include/freetype/ftotval.h" />
		<Unit filename="../Tools/Library/codeblock+freetype2.10.0/include/freetype/ftoutln.h" />
		<Unit filename="../Tools/Library/codeblock+freetype2.10.0/include/freetype/ftparams.h" />
		<Unit filename="../Tools/Library/codeblock+freetype2.10.0/include/freetype/ftpfr.h" />
		<Unit filename="../Tools/Library/codeblock+freetype2.10.0/include/freetype/ftrender.h" />
		<Unit filename="../Tools/Library/codeblock+freetype2.10.0/include/freetype/ftsizes.h" />
		<Unit filename="../Tools/Library/codeblock+freetype2.10.0/include/freetype/ftsnames.h" />
		<Unit filename="../Tools/Library/codeblock+freetype2.10.0/include/freetype/ftstroke.h" />
		<Unit filename="../Tools/Library/codeblock+freetype2.10.0/include/freetype/ftsynth.h" />
		<Unit filename="../Tools/Library/codeblock+freetype2.10.0/include/freetype/ftsystem.h" />
		<Unit filename="../Tools/Library/codeblock+freetype2.10.0/include/freetype/fttrigon.h" />
		<Unit filename="../Tools/Library/codeblock+freetype2.10.0/include/freetype/fttypes.h" />
		<Unit filename="../Tools/Library/codeblock+freetype2.10.0/include/freetype/ftwinfnt.h" />
		<Unit filename="../Tools/Library/codeblock+freetype2.10.0/include/freetype/internal/autohint.h" />
		<Unit filename="../Tools/Library/codeblock+freetype2.10.0/include/freetype/internal/cffotypes.h" />
		<Unit filename="../Tools/Library/codeblock+freetype2.10.0/include/freetype/internal/cfftypes.h" />
		<Unit filename="../Tools/Library/codeblock+freetype2.10.0/include/freetype/internal/ftcalc.h" />
		<Unit filename="../Tools/Library/codeblock+freetype2.10.0/include/freetype/internal/ftdebug.h" />
		<Unit filename="../Tools/Library/codeblock+freetype2.10.0/include/freetype/internal/ftdrv.h" />
		<Unit filename="../Tools/Library/codeblock+freetype2.10.0/include/freetype/internal/ftgloadr.h" />
		<Unit filename="../Tools/Library/codeblock+freetype2.10.0/include/freetype/internal/fthash.h" />
		<Unit filename="../Tools/Library/codeblock+freetype2.10.0/include/freetype/internal/ftmemory.h" />
		<Unit filename="../Tools/Library/codeblock+freetype2.10.0/include/freetype/internal/ftobjs.h" />
		<Unit filename="../Tools/Library/codeblock+freetype2.10.0/include/freetype/internal/ftpsprop.h" />
		<Unit filename="../Tools/Library/codeblock+freetype2.10.0/include/freetype/internal/ftrfork.h" />
		<Unit filename="../Tools/Library/codeblock+freetype2.10.0/include/freetype/internal/ftserv.h" />
		<Unit filename="../Tools/Library/codeblock+freetype2.10.0/include/freetype/internal/ftstream.h" />
		<Unit filename="../Tools/Library/codeblock+freetype2.10.0/include/freetype/internal/fttrace.h" />
		<Unit filename="../Tools/Library/codeblock+freetype2.10.0/include/freetype/internal/ftvalid.h" />
		<Unit filename="../Tools/Library/codeblock+freetype2.10.0/include/freetype/internal/internal.h" />
		<Unit filename="../Tools/Library/codeblock+freetype2.10.0/include/freetype/internal/psaux.h" />
		<Unit filename="../Tools/Library/codeblock+freetype2.10.0/include/freetype/internal/pshints.h" />
		<Unit filename="../Tools/Library/codeblock+freetype2.10.0/include/freetype/internal/services/svbdf.h" />
		<Unit filename="../Tools/Library/codeblock+freetype2.10.0/include/freetype/internal/services/svcfftl.h" />
		<Unit filename="../Tools/Library/codeblock+freetype2.10.0/include/freetype/internal/services/svcid.h" />
		<Unit filename="../Tools/Library/codeblock+freetype2.10.0/include/freetype/internal/services/svfntfmt.h" />
		<Unit filename="../Tools/Library/codeblock+freetype2.10.0/include/freetype/internal/services/svgldict.h" />
		<Unit filename="../Tools/Library/codeblock+freetype2.10.0/include/freetype/internal/services/svgxval.h" />
		<Unit filename="../Tools/Library/codeblock+freetype2.10.0/include/freetype/internal/services/svkern.h" />
		<Unit filename="../Tools/Library/codeblock+freetype2.10.0/include/freetype/internal/services/svmetric.h" />
		<Unit filename="../Tools/Library/codeblock+freetype2.10.0/include/freetype/internal/services/svmm.h" />
		<Unit filename="../Tools/Library/codeblock+freetype2.10.0/include/freetype/internal/services/svotval.h" />
		<Unit filename="../Tools/Library/codeblock+freetype2.10.0/include/freetype/internal/services/svpfr.h" />
		<Unit filename="../Tools/Library/codeblock+freetype2.10.0/include/freetype/internal/services/svpostnm.h" />
		<Unit filename="../Tools/Library/codeblock+freetype2.10.0/include/freetype/internal/services/svprop.h" />
		<Unit filename="../Tools/Library/codeblock+freetype2.10.0/include/freetype/internal/services/svpscmap.h" />
		<Unit filename="../Tools/Library/codeblock+freetype2.10.0/include/freetype/internal/services/svpsinfo.h" />
		<Unit filename="../Tools/Library/codeblock+freetype2.10.0/include/freetype/internal/services/svsfnt.h" />
		<Unit filename="../Tools/Library/codeblock+freetype2.10.0/include/freetype/internal/services/svttcmap.h" />
		<Unit filename="../Tools/Library/codeblock+freetype2.10.0/include/freetype/internal/services/svtteng.h" />
		<Unit filename="../Tools/Library/codeblock+freetype2.10.0/include/freetype/internal/services/svttglyf.h" />
		<Unit filename="../Tools/Library/codeblock+freetype2.10.0/include/freetype/internal/services/svwinfnt.h" />
		<Unit filename="../Tools/Library/codeblock+freetype2.10.0/include/freetype/internal/sfnt.h" />
		<Unit filename="../Tools/Library/codeblock+freetype2.10.0/include/freetype/internal/t1types.h" />
		<Unit filename="../Tools/Library/codeblock+freetype2.10.0/include/freetype/internal/tttypes.h" />
		<Unit filename="../Tools/Library/codeblock+freetype2.10.0/include/freetype/t1tables.h" />
		<Unit filename="../Tools/Library/codeblock+freetype2.10.0/include/freetype/ttnameid.h" />
		<Unit filename="../Tools/Library/codeblock+freetype2.10.0/include/freetype/tttables.h" />
		<Unit filename="../Tools/Library/codeblock+freetype2.10.0/include/freetype/tttags.h" />
		<Unit filename="../Tools/Library/codeblock+freetype2.10.0/include/ft2build.h" />
		<Unit filename="../Tools/Library/codeblock+tinyobjloader(1.4.1)/stb_image.h" />
		<Unit filename="../Tools/Library/codeblock+tinyobjloader(1.4.1)/tiny_obj_loader.h" />
		<Unit filename="../Tools/Library/openexr 2.2/openexr/include/Iex.h" />
		<Unit filename="../Tools/Library/openexr 2.2/openexr/include/IexBaseExc.h" />
		<Unit filename="../Tools/Library/openexr 2.2/openexr/include/IexErrnoExc.h" />
		<Unit filename="../Tools/Library/openexr 2.2/openexr/include/IexExport.h" />
		<Unit filename="../Tools/Library/openexr 2.2/openexr/include/IexForward.h" />
		<Unit filename="../Tools/Library/openexr 2.2/openexr/include/IexMacros.h" />
		<Unit filename="../Tools/Library/openexr 2.2/openexr/include/IexMathExc.h" />
		<Unit filename="../Tools/Library/openexr 2.2/openexr/include/IexMathFloatExc.h" />
		<Unit filename="../Tools/Library/openexr 2.2/openexr/include/IexMathFpu.h" />
		<Unit filename="../Tools/Library/openexr 2.2/openexr/include/IexMathIeeeExc.h" />
		<Unit filename="../Tools/Library/openexr 2.2/openexr/include/IexNamespace.h" />
		<Unit filename="../Tools/Library/openexr 2.2/openexr/include/IexThrowErrnoExc.h" />
		<Unit filename="../Tools/Library/openexr 2.2/openexr/include/IlmBaseConfig.h" />
		<Unit filename="../Tools/Library/openexr 2.2/openexr/include/IlmThread.h" />
		<Unit filename="../Tools/Library/openexr 2.2/openexr/include/IlmThreadExport.h" />
		<Unit filename="../Tools/Library/openexr 2.2/openexr/include/IlmThreadForward.h" />
		<Unit filename="../Tools/Library/openexr 2.2/openexr/include/IlmThreadMutex.h" />
		<Unit filename="../Tools/Library/openexr 2.2/openexr/include/IlmThreadNamespace.h" />
		<Unit filename="../Tools/Library/openexr 2.2/openexr/include/IlmThreadPool.h" />
		<Unit filename="../Tools/Library/openexr 2.2/openexr/include/IlmThreadSemaphore.h" />
		<Unit filename="../Tools/Library/openexr 2.2/openexr/include/ImathBox.h" />
		<Unit filename="../Tools/Library/openexr 2.2/openexr/include/ImathBoxAlgo.h" />
		<Unit filename="../Tools/Library/openexr 2.2/openexr/include/ImathColor.h" />
		<Unit filename="../Tools/Library/openexr 2.2/openexr/include/ImathColorAlgo.h" />
		<Unit filename="../Tools/Library/openexr 2.2/openexr/include/ImathEuler.h" />
		<Unit filename="../Tools/Library/openexr 2.2/openexr/include/ImathExc.h" />
		<Unit filename="../Tools/Library/openexr 2.2/openexr/include/ImathExport.h" />
		<Unit filename="../Tools/Library/openexr 2.2/openexr/include/ImathForward.h" />
		<Unit filename="../Tools/Library/openexr 2.2/openexr/include/ImathFrame.h" />
		<Unit filename="../Tools/Library/openexr 2.2/openexr/include/ImathFrustum.h" />
		<Unit filename="../Tools/Library/openexr 2.2/openexr/include/ImathFrustumTest.h" />
		<Unit filename="../Tools/Library/openexr 2.2/openexr/include/ImathFun.h" />
		<Unit filename="../Tools/Library/openexr 2.2/openexr/include/ImathGL.h" />
		<Unit filename="../Tools/Library/openexr 2.2/openexr/include/ImathGLU.h" />
		<Unit filename="../Tools/Library/openexr 2.2/openexr/include/ImathHalfLimits.h" />
		<Unit filename="../Tools/Library/openexr 2.2/openexr/include/ImathInt64.h" />
		<Unit filename="../Tools/Library/openexr 2.2/openexr/include/ImathInterval.h" />
		<Unit filename="../Tools/Library/openexr 2.2/openexr/include/ImathLimits.h" />
		<Unit filename="../Tools/Library/openexr 2.2/openexr/include/ImathLine.h" />
		<Unit filename="../Tools/Library/openexr 2.2/openexr/include/ImathLineAlgo.h" />
		<Unit filename="../Tools/Library/openexr 2.2/openexr/include/ImathMath.h" />
		<Unit filename="../Tools/Library/openexr 2.2/openexr/include/ImathMatrix.h" />
		<Unit filename="../Tools/Library/openexr 2.2/openexr/include/ImathMatrixAlgo.h" />
		<Unit filename="../Tools/Library/openexr 2.2/openexr/include/ImathNamespace.h" />
		<Unit filename="../Tools/Library/openexr 2.2/openexr/include/ImathPlane.h" />
		<Unit filename="../Tools/Library/openexr 2.2/openexr/include/ImathPlatform.h" />
		<Unit filename="../Tools/Library/openexr 2.2/openexr/include/ImathQuat.h" />
		<Unit filename="../Tools/Library/openexr 2.2/openexr/include/ImathRandom.h" />
		<Unit filename="../Tools/Library/openexr 2.2/openexr/include/ImathRoots.h" />
		<Unit filename="../Tools/Library/openexr 2.2/openexr/include/ImathShear.h" />
		<Unit filename="../Tools/Library/openexr 2.2/openexr/include/ImathSphere.h" />
		<Unit filename="../Tools/Library/openexr 2.2/openexr/include/ImathVec.h" />
		<Unit filename="../Tools/Library/openexr 2.2/openexr/include/ImathVecAlgo.h" />
		<Unit filename="../Tools/Library/openexr 2.2/openexr/include/ImfAcesFile.h" />
		<Unit filename="../Tools/Library/openexr 2.2/openexr/include/ImfArray.h" />
		<Unit filename="../Tools/Library/openexr 2.2/openexr/include/ImfAttribute.h" />
		<Unit filename="../Tools/Library/openexr 2.2/openexr/include/ImfB44Compressor.h" />
		<Unit filename="../Tools/Library/openexr 2.2/openexr/include/ImfBoxAttribute.h" />
		<Unit filename="../Tools/Library/openexr 2.2/openexr/include/ImfCRgbaFile.h" />
		<Unit filename="../Tools/Library/openexr 2.2/openexr/include/ImfChannelList.h" />
		<Unit filename="../Tools/Library/openexr 2.2/openexr/include/ImfChannelListAttribute.h" />
		<Unit filename="../Tools/Library/openexr 2.2/openexr/include/ImfChromaticities.h" />
		<Unit filename="../Tools/Library/openexr 2.2/openexr/include/ImfChromaticitiesAttribute.h" />
		<Unit filename="../Tools/Library/openexr 2.2/openexr/include/ImfCompositeDeepScanLine.h" />
		<Unit filename="../Tools/Library/openexr 2.2/openexr/include/ImfCompression.h" />
		<Unit filename="../Tools/Library/openexr 2.2/openexr/include/ImfCompressionAttribute.h" />
		<Unit filename="../Tools/Library/openexr 2.2/openexr/include/ImfConvert.h" />
		<Unit filename="../Tools/Library/openexr 2.2/openexr/include/ImfDeepCompositing.h" />
		<Unit filename="../Tools/Library/openexr 2.2/openexr/include/ImfDeepFrameBuffer.h" />
		<Unit filename="../Tools/Library/openexr 2.2/openexr/include/ImfDeepImage.h" />
		<Unit filename="../Tools/Library/openexr 2.2/openexr/include/ImfDeepImageChannel.h" />
		<Unit filename="../Tools/Library/openexr 2.2/openexr/include/ImfDeepImageIO.h" />
		<Unit filename="../Tools/Library/openexr 2.2/openexr/include/ImfDeepImageLevel.h" />
		<Unit filename="../Tools/Library/openexr 2.2/openexr/include/ImfDeepImageState.h" />
		<Unit filename="../Tools/Library/openexr 2.2/openexr/include/ImfDeepImageStateAttribute.h" />
		<Unit filename="../Tools/Library/openexr 2.2/openexr/include/ImfDeepScanLineInputFile.h" />
		<Unit filename="../Tools/Library/openexr 2.2/openexr/include/ImfDeepScanLineInputPart.h" />
		<Unit filename="../Tools/Library/openexr 2.2/openexr/include/ImfDeepScanLineOutputFile.h" />
		<Unit filename="../Tools/Library/openexr 2.2/openexr/include/ImfDeepScanLineOutputPart.h" />
		<Unit filename="../Tools/Library/openexr 2.2/openexr/include/ImfDeepTiledInputFile.h" />
		<Unit filename="../Tools/Library/openexr 2.2/openexr/include/ImfDeepTiledInputPart.h" />
		<Unit filename="../Tools/Library/openexr 2.2/openexr/include/ImfDeepTiledOutputFile.h" />
		<Unit filename="../Tools/Library/openexr 2.2/openexr/include/ImfDeepTiledOutputPart.h" />
		<Unit filename="../Tools/Library/openexr 2.2/openexr/include/ImfDoubleAttribute.h" />
		<Unit filename="../Tools/Library/openexr 2.2/openexr/include/ImfEnvmap.h" />
		<Unit filename="../Tools/Library/openexr 2.2/openexr/include/ImfEnvmapAttribute.h" />
		<Unit filename="../Tools/Library/openexr 2.2/openexr/include/ImfExport.h" />
		<Unit filename="../Tools/Library/openexr 2.2/openexr/include/ImfFlatImage.h" />
		<Unit filename="../Tools/Library/openexr 2.2/openexr/include/ImfFlatImageChannel.h" />
		<Unit filename="../Tools/Library/openexr 2.2/openexr/include/ImfFlatImageIO.h" />
		<Unit filename="../Tools/Library/openexr 2.2/openexr/include/ImfFlatImageLevel.h" />
		<Unit filename="../Tools/Library/openexr 2.2/openexr/include/ImfFloatAttribute.h" />
		<Unit filename="../Tools/Library/openexr 2.2/openexr/include/ImfFloatVectorAttribute.h" />
		<Unit filename="../Tools/Library/openexr 2.2/openexr/include/ImfForward.h" />
		<Unit filename="../Tools/Library/openexr 2.2/openexr/include/ImfFrameBuffer.h" />
		<Unit filename="../Tools/Library/openexr 2.2/openexr/include/ImfFramesPerSecond.h" />
		<Unit filename="../Tools/Library/openexr 2.2/openexr/include/ImfGenericInputFile.h" />
		<Unit filename="../Tools/Library/openexr 2.2/openexr/include/ImfGenericOutputFile.h" />
		<Unit filename="../Tools/Library/openexr 2.2/openexr/include/ImfHeader.h" />
		<Unit filename="../Tools/Library/openexr 2.2/openexr/include/ImfHuf.h" />
		<Unit filename="../Tools/Library/openexr 2.2/openexr/include/ImfIO.h" />
		<Unit filename="../Tools/Library/openexr 2.2/openexr/include/ImfImage.h" />
		<Unit filename="../Tools/Library/openexr 2.2/openexr/include/ImfImageChannel.h" />
		<Unit filename="../Tools/Library/openexr 2.2/openexr/include/ImfImageChannelRenaming.h" />
		<Unit filename="../Tools/Library/openexr 2.2/openexr/include/ImfImageDataWindow.h" />
		<Unit filename="../Tools/Library/openexr 2.2/openexr/include/ImfImageIO.h" />
		<Unit filename="../Tools/Library/openexr 2.2/openexr/include/ImfImageLevel.h" />
		<Unit filename="../Tools/Library/openexr 2.2/openexr/include/ImfInputFile.h" />
		<Unit filename="../Tools/Library/openexr 2.2/openexr/include/ImfInputPart.h" />
		<Unit filename="../Tools/Library/openexr 2.2/openexr/include/ImfInt64.h" />
		<Unit filename="../Tools/Library/openexr 2.2/openexr/include/ImfIntAttribute.h" />
		<Unit filename="../Tools/Library/openexr 2.2/openexr/include/ImfKeyCode.h" />
		<Unit filename="../Tools/Library/openexr 2.2/openexr/include/ImfKeyCodeAttribute.h" />
		<Unit filename="../Tools/Library/openexr 2.2/openexr/include/ImfLineOrder.h" />
		<Unit filename="../Tools/Library/openexr 2.2/openexr/include/ImfLineOrderAttribute.h" />
		<Unit filename="../Tools/Library/openexr 2.2/openexr/include/ImfLut.h" />
		<Unit filename="../Tools/Library/openexr 2.2/openexr/include/ImfMatrixAttribute.h" />
		<Unit filename="../Tools/Library/openexr 2.2/openexr/include/ImfMisc.h" />
		<Unit filename="../Tools/Library/openexr 2.2/openexr/include/ImfMultiPartInputFile.h" />
		<Unit filename="../Tools/Library/openexr 2.2/openexr/include/ImfMultiPartOutputFile.h" />
		<Unit filename="../Tools/Library/openexr 2.2/openexr/include/ImfMultiView.h" />
		<Unit filename="../Tools/Library/openexr 2.2/openexr/include/ImfName.h" />
		<Unit filename="../Tools/Library/openexr 2.2/openexr/include/ImfNamespace.h" />
		<Unit filename="../Tools/Library/openexr 2.2/openexr/include/ImfOpaqueAttribute.h" />
		<Unit filename="../Tools/Library/openexr 2.2/openexr/include/ImfOutputFile.h" />
		<Unit filename="../Tools/Library/openexr 2.2/openexr/include/ImfOutputPart.h" />
		<Unit filename="../Tools/Library/openexr 2.2/openexr/include/ImfPartHelper.h" />
		<Unit filename="../Tools/Library/openexr 2.2/openexr/include/ImfPartType.h" />
		<Unit filename="../Tools/Library/openexr 2.2/openexr/include/ImfPixelType.h" />
		<Unit filename="../Tools/Library/openexr 2.2/openexr/include/ImfPreviewImage.h" />
		<Unit filename="../Tools/Library/openexr 2.2/openexr/include/ImfPreviewImageAttribute.h" />
		<Unit filename="../Tools/Library/openexr 2.2/openexr/include/ImfRational.h" />
		<Unit filename="../Tools/Library/openexr 2.2/openexr/include/ImfRationalAttribute.h" />
		<Unit filename="../Tools/Library/openexr 2.2/openexr/include/ImfRgba.h" />
		<Unit filename="../Tools/Library/openexr 2.2/openexr/include/ImfRgbaFile.h" />
		<Unit filename="../Tools/Library/openexr 2.2/openexr/include/ImfRgbaYca.h" />
		<Unit filename="../Tools/Library/openexr 2.2/openexr/include/ImfSampleCountChannel.h" />
		<Unit filename="../Tools/Library/openexr 2.2/openexr/include/ImfStandardAttributes.h" />
		<Unit filename="../Tools/Library/openexr 2.2/openexr/include/ImfStringAttribute.h" />
		<Unit filename="../Tools/Library/openexr 2.2/openexr/include/ImfStringVectorAttribute.h" />
		<Unit filename="../Tools/Library/openexr 2.2/openexr/include/ImfTestFile.h" />
		<Unit filename="../Tools/Library/openexr 2.2/openexr/include/ImfThreading.h" />
		<Unit filename="../Tools/Library/openexr 2.2/openexr/include/ImfTileDescription.h" />
		<Unit filename="../Tools/Library/openexr 2.2/openexr/include/ImfTileDescriptionAttribute.h" />
		<Unit filename="../Tools/Library/openexr 2.2/openexr/include/ImfTiledInputFile.h" />
		<Unit filename="../Tools/Library/openexr 2.2/openexr/include/ImfTiledInputPart.h" />
		<Unit filename="../Tools/Library/openexr 2.2/openexr/include/ImfTiledOutputFile.h" />
		<Unit filename="../Tools/Library/openexr 2.2/openexr/include/ImfTiledOutputPart.h" />
		<Unit filename="../Tools/Library/openexr 2.2/openexr/include/ImfTiledRgbaFile.h" />
		<Unit filename="../Tools/Library/openexr 2.2/openexr/include/ImfTimeCode.h" />
		<Unit filename="../Tools/Library/openexr 2.2/openexr/include/ImfTimeCodeAttribute.h" />
		<Unit filename="../Tools/Library/openexr 2.2/openexr/include/ImfVecAttribute.h" />
		<Unit filename="../Tools/Library/openexr 2.2/openexr/include/ImfVersion.h" />
		<Unit filename="../Tools/Library/openexr 2.2/openexr/include/ImfWav.h" />
		<Unit filename="../Tools/Library/openexr 2.2/openexr/include/ImfXdr.h" />
		<Unit filename="../Tools/Library/openexr 2.2/openexr/include/OpenEXRConfig.h" />
		<Unit filename="../Tools/Library/openexr 2.2/openexr/include/half.h" />
		<Unit filename="../Tools/Library/openexr 2.2/openexr/include/halfExport.h" />
		<Unit filename="../Tools/Library/openexr 2.2/openexr/include/halfFunction.h" />
		<Unit filename="../Tools/Library/openexr 2.2/openexr/include/halfLimits.h" />
		<Unit filename="../Tools/Library/openexr 2.2/zlib/build codeblock/zconf.h" />
		<Unit filename="../Tools/Library/openexr 2.2/zlib/build codeblock/zlib.h" />
		<Unit filename="../Tools/Library/openexr 2.2/zlib/build vs/zconf.h" />
		<Unit filename="../Tools/Library/openexr 2.2/zlib/build vs/zlib.h" />
		<Unit filename="../Tools/Shader/Diffuse/fragment.fp" />
		<Unit filename="../Tools/Shader/Diffuse/vertex.vp" />
		<Unit filename="../Tools/Shader/FBO/fragment.fp" />
		<Unit filename="../Tools/Shader/FBO/vertex.vp" />
		<Unit filename="../Tools/Shader/Texture2D/fragment.fp" />
		<Unit filename="../Tools/Shader/Texture2D/vertex.vp" />
		<Unit filename="../Tools/Sources/FreetypeFont.cpp" />
		<Unit filename="../Tools/Sources/GameObject.cpp" />
		<Unit filename="../Tools/Sources/ShaderMgr.cpp" />
		<Unit filename="../Tools/Sources/Tinyobjloader.cpp" />
		<Unit filename="../Tools/Sources/Tools.cpp" />
		<Unit filename="../Tools/Sources/Trackball.cpp" />
		<Unit filename="main.cpp" />
		<Extensions>
			<code_completion />
			<envvars />
			<debugger />
			<lib_finder disable_auto="1" />
		</Extensions>
	</Project>
</CodeBlocks_project_file>
