<?xml version="1.0" encoding="UTF-8" standalone="yes" ?>
<CodeBlocks_project_file>
	<FileVersion major="1" minor="6" />
	<Project>
		<Option title="SpritePoint" />
		<Option pch_mode="2" />
		<Option compiler="gcc" />
		<Build>
			<Target title="Debug">
				<Option output="bin/Debug/SpritePoint" prefix_auto="1" extension_auto="1" />
				<Option working_dir="C:/Program Files (x86)/CodeBlocks/MinGW/bin" />
				<Option object_output="obj/Debug/" />
				<Option type="1" />
				<Option compiler="gcc" />
				<Compiler>
					<Add option="-g" />
				</Compiler>
			</Target>
			<Target title="Release">
				<Option output="bin/Release/SpritePoint" prefix_auto="1" extension_auto="1" />
				<Option working_dir="C:/Program Files (x86)/CodeBlocks/MinGW/bin" />
				<Option object_output="obj/Release/" />
				<Option type="0" />
				<Option compiler="gcc" />
				<Compiler>
					<Add option="-O2" />
				</Compiler>
				<Linker>
					<Add option="-s" />
				</Linker>
			</Target>
		</Build>
		<Compiler>
			<Add option="-Wall" />
			<Add directory="D:/CodeBlocks/MinGW/include" />
		</Compiler>
		<Linker>
			<Add library="glut32" />
			<Add library="opengl32" />
			<Add library="glu32" />
			<Add library="winmm" />
			<Add library="gdi32" />
			<Add directory="D:/CodeBlocks/MinGW/lib" />
		</Linker>
		<Unit filename="../Tools/Header/Camera.h" />
		<Unit filename="../Tools/Header/CommonStruct.h" />
		<Unit filename="../Tools/Header/FreetypeFont.h" />
		<Unit filename="../Tools/Header/GameObject.h" />
		<Unit filename="../Tools/Header/Light.h" />
		<Unit filename="../Tools/Header/ShaderMgr.h" />
		<Unit filename="../Tools/Header/Tinyobjloader.h" />
		<Unit filename="../Tools/Header/Tools.h" />
		<Unit filename="../Tools/Header/Trackball.h" />
		<Unit filename="../Tools/Header/UtilPrint.h" />
		<Unit filename="../Tools/Header/UtilTimer.h" />
		<Unit filename="../Tools/Shader/SpritePoint/fragment.fp" />
		<Unit filename="../Tools/Shader/SpritePoint/vertex.vp" />
		<Unit filename="../Tools/Sources/Camera.cpp" />
		<Unit filename="../Tools/Sources/FreetypeFont.cpp" />
		<Unit filename="../Tools/Sources/GameObject.cpp" />
		<Unit filename="../Tools/Sources/Light.cpp" />
		<Unit filename="../Tools/Sources/ShaderMgr.cpp" />
		<Unit filename="../Tools/Sources/Tinyobjloader.cpp" />
		<Unit filename="../Tools/Sources/Tools.cpp" />
		<Unit filename="../Tools/Sources/Trackball.cpp" />
		<Unit filename="../Tools/Sources/UtilPrint.cpp" />
		<Unit filename="../Tools/Sources/UtilTimer.cpp" />
		<Unit filename="main.cpp" />
		<Extensions>
			<code_completion />
			<envvars />
			<debugger />
			<lib_finder disable_auto="1" />
			<DoxyBlocks>
				<comment_style block="0" line="0" />
				<doxyfile_project output_language="" />
				<doxyfile_build />
				<doxyfile_warnings />
				<doxyfile_output />
				<doxyfile_dot />
				<general />
			</DoxyBlocks>
		</Extensions>
	</Project>
</CodeBlocks_project_file>
